
Microsoft Visual Studio Solution File, Format Version 12.00
# Visual Studio Version 17
VisualStudioVersion = 17.5.33627.172
MinimumVisualStudioVersion = 10.0.40219.1
Project("{9A19103F-16F7-4668-BE54-9A1E7A4F7556}") = "01_TiposDatosyVar", "01_TiposDatosyVar\01_TiposDatosyVar.csproj", "{0ADEB8FC-F4CD-4AE5-89AD-55428BFBECE6}"
EndProject
Project("{9A19103F-16F7-4668-BE54-9A1E7A4F7556}") = "02_ClasesObjetosConstructores", "02_ClasesObjetosConstructores\02_ClasesObjetosConstructores.csproj", "{669C7A52-AC7E-4CFD-A084-523E0891D339}"
EndProject
Project("{9A19103F-16F7-4668-BE54-9A1E7A4F7556}") = "03_ArreglosListas", "3_ArreglosListas\03_ArreglosListas.csproj", "{6D8DC287-9BD7-4E58-A6F2-BF3F09F4E37A}"
EndProject
Project("{9A19103F-16F7-4668-BE54-9A1E7A4F7556}") = "04_Interfaces", "04_Interfaces\04_Interfaces.csproj", "{A18F774A-B4D8-4068-A55C-CEC7C1E6C267}"
EndProject
Project("{9A19103F-16F7-4668-BE54-9A1E7A4F7556}") = "05_ConexionBDObtenerInformacion", "05_ConexionBDObtenerInformacion\05_ConexionBDObtenerInformacion.csproj", "{D4A3B176-4D3B-4B86-85A1-81D7D4952279}"
EndProject
Project("{9A19103F-16F7-4668-BE54-9A1E7A4F7556}") = "06_ConexionBDCRUD", "06_ConexionBDCRUD\06_ConexionBDCRUD.csproj", "{1A9077AD-ECC1-490B-877B-D749C80ABAE8}"
EndProject
Project("{9A19103F-16F7-4668-BE54-9A1E7A4F7556}") = "07_SerializacionDeserializacionJSON", "07_SerializacionDeserializacionJSON\07_SerializacionDeserializacionJSON.csproj", "{67618EF9-56F7-4924-89F6-89D95EF1CA64}"
EndProject
Project("{9A19103F-16F7-4668-BE54-9A1E7A4F7556}") = "08_SolicitudHTTPGET", "08_SolicitudHTTPGET\08_SolicitudHTTPGET.csproj", "{8568728F-23B7-43E0-BD18-C762F912225E}"
EndProject
Project("{9A19103F-16F7-4668-BE54-9A1E7A4F7556}") = "09_EnvioInformacionServiciosWebHTTPPostPutDelete", "09_EnvioInformacionServiciosWebHTTPPostPutDelete\09_EnvioInformacionServiciosWebHTTPPostPutDelete.csproj", "{77E0A2EC-583D-4CF1-BEB6-8D86CB991D31}"
EndProject
Project("{FAE04EC0-301F-11D3-BF4B-00C04F79EFBC}") = "10_Generics", "10_Generics\10_Generics.csproj", "{49D4E35A-B36A-42DD-ABD3-FE8E19656619}"
EndProject
Global
	GlobalSection(SolutionConfigurationPlatforms) = preSolution
		Debug|Any CPU = Debug|Any CPU
		Release|Any CPU = Release|Any CPU
	EndGlobalSection
	GlobalSection(ProjectConfigurationPlatforms) = postSolution
		{0ADEB8FC-F4CD-4AE5-89AD-55428BFBECE6}.Debug|Any CPU.ActiveCfg = Debug|Any CPU
		{0ADEB8FC-F4CD-4AE5-89AD-55428BFBECE6}.Debug|Any CPU.Build.0 = Debug|Any CPU
		{0ADEB8FC-F4CD-4AE5-89AD-55428BFBECE6}.Release|Any CPU.ActiveCfg = Release|Any CPU
		{0ADEB8FC-F4CD-4AE5-89AD-55428BFBECE6}.Release|Any CPU.Build.0 = Release|Any CPU
		{669C7A52-AC7E-4CFD-A084-523E0891D339}.Debug|Any CPU.ActiveCfg = Debug|Any CPU
		{669C7A52-AC7E-4CFD-A084-523E0891D339}.Debug|Any CPU.Build.0 = Debug|Any CPU
		{669C7A52-AC7E-4CFD-A084-523E0891D339}.Release|Any CPU.ActiveCfg = Release|Any CPU
		{669C7A52-AC7E-4CFD-A084-523E0891D339}.Release|Any CPU.Build.0 = Release|Any CPU
		{6D8DC287-9BD7-4E58-A6F2-BF3F09F4E37A}.Debug|Any CPU.ActiveCfg = Debug|Any CPU
		{6D8DC287-9BD7-4E58-A6F2-BF3F09F4E37A}.Debug|Any CPU.Build.0 = Debug|Any CPU
		{6D8DC287-9BD7-4E58-A6F2-BF3F09F4E37A}.Release|Any CPU.ActiveCfg = Release|Any CPU
		{6D8DC287-9BD7-4E58-A6F2-BF3F09F4E37A}.Release|Any CPU.Build.0 = Release|Any CPU
		{A18F774A-B4D8-4068-A55C-CEC7C1E6C267}.Debug|Any CPU.ActiveCfg = Debug|Any CPU
		{A18F774A-B4D8-4068-A55C-CEC7C1E6C267}.Debug|Any CPU.Build.0 = Debug|Any CPU
		{A18F774A-B4D8-4068-A55C-CEC7C1E6C267}.Release|Any CPU.ActiveCfg = Release|Any CPU
		{A18F774A-B4D8-4068-A55C-CEC7C1E6C267}.Release|Any CPU.Build.0 = Release|Any CPU
		{D4A3B176-4D3B-4B86-85A1-81D7D4952279}.Debug|Any CPU.ActiveCfg = Debug|Any CPU
		{D4A3B176-4D3B-4B86-85A1-81D7D4952279}.Debug|Any CPU.Build.0 = Debug|Any CPU
		{D4A3B176-4D3B-4B86-85A1-81D7D4952279}.Release|Any CPU.ActiveCfg = Release|Any CPU
		{D4A3B176-4D3B-4B86-85A1-81D7D4952279}.Release|Any CPU.Build.0 = Release|Any CPU
		{1A9077AD-ECC1-490B-877B-D749C80ABAE8}.Debug|Any CPU.ActiveCfg = Debug|Any CPU
		{1A9077AD-ECC1-490B-877B-D749C80ABAE8}.Debug|Any CPU.Build.0 = Debug|Any CPU
		{1A9077AD-ECC1-490B-877B-D749C80ABAE8}.Release|Any CPU.ActiveCfg = Release|Any CPU
		{1A9077AD-ECC1-490B-877B-D749C80ABAE8}.Release|Any CPU.Build.0 = Release|Any CPU
		{67618EF9-56F7-4924-89F6-89D95EF1CA64}.Debug|Any CPU.ActiveCfg = Debug|Any CPU
		{67618EF9-56F7-4924-89F6-89D95EF1CA64}.Debug|Any CPU.Build.0 = Debug|Any CPU
		{67618EF9-56F7-4924-89F6-89D95EF1CA64}.Release|Any CPU.ActiveCfg = Release|Any CPU
		{67618EF9-56F7-4924-89F6-89D95EF1CA64}.Release|Any CPU.Build.0 = Release|Any CPU
		{8568728F-23B7-43E0-BD18-C762F912225E}.Debug|Any CPU.ActiveCfg = Debug|Any CPU
		{8568728F-23B7-43E0-BD18-C762F912225E}.Debug|Any CPU.Build.0 = Debug|Any CPU
		{8568728F-23B7-43E0-BD18-C762F912225E}.Release|Any CPU.ActiveCfg = Release|Any CPU
		{8568728F-23B7-43E0-BD18-C762F912225E}.Release|Any CPU.Build.0 = Release|Any CPU
		{77E0A2EC-583D-4CF1-BEB6-8D86CB991D31}.Debug|Any CPU.ActiveCfg = Debug|Any CPU
		{77E0A2EC-583D-4CF1-BEB6-8D86CB991D31}.Debug|Any CPU.Build.0 = Debug|Any CPU
		{77E0A2EC-583D-4CF1-BEB6-8D86CB991D31}.Release|Any CPU.ActiveCfg = Release|Any CPU
		{77E0A2EC-583D-4CF1-BEB6-8D86CB991D31}.Release|Any CPU.Build.0 = Release|Any CPU
		{49D4E35A-B36A-42DD-ABD3-FE8E19656619}.Debug|Any CPU.ActiveCfg = Debug|Any CPU
		{49D4E35A-B36A-42DD-ABD3-FE8E19656619}.Debug|Any CPU.Build.0 = Debug|Any CPU
		{49D4E35A-B36A-42DD-ABD3-FE8E19656619}.Release|Any CPU.ActiveCfg = Release|Any CPU
		{49D4E35A-B36A-42DD-ABD3-FE8E19656619}.Release|Any CPU.Build.0 = Release|Any CPU
	EndGlobalSection
	GlobalSection(SolutionProperties) = preSolution
		HideSolutionNode = FALSE
	EndGlobalSection
	GlobalSection(ExtensibilityGlobals) = postSolution
		SolutionGuid = {50D1144E-443B-42C1-85BE-FD0DE0592AE4}
	EndGlobalSection
EndGlobal
